version: 2.0
shards:
  baked_file_system:
    git: https://github.com/schovi/baked_file_system.git
    version: 0.10.0+git.commit.ea0b659f43d7ce00bde66e8a87eeb4d5a112621b

  minievents:
    git: https://github.com/sol-vin/minievents.git
    version: 0.1.0+git.commit.db253c47f5d6dbb4d94057b7ead10cb68646d3ad

  raylib-cr:
    git: https://github.com/sol-vin/raylib-cr.git
    version: 5.0+git.commit.56537f91518a894e48a5a38faab54f686a8d1347

